
Microsoft Visual Studio Solution File, Format Version 12.00
# Visual Studio 14
VisualStudioVersion = 14.0.25420.1
MinimumVisualStudioVersion = 10.0.40219.1
Project("{FAE04EC0-301F-11D3-BF4B-00C04F79EFBC}") = "BookManagerApp", "BookManagerApp\BookManagerApp.csproj", "{EE919530-6E4A-48DC-8747-E0D4FCBBAC87}"
EndProject
Project("{FAE04EC0-301F-11D3-BF4B-00C04F79EFBC}") = "BookManagerApp.Tests", "BookManagerApp.Tests\BookManagerApp.Tests.csproj", "{51B67716-3EC4-4348-B2EA-1F176D95F672}"
EndProject
Global
	GlobalSection(SolutionConfigurationPlatforms) = preSolution
		Debug|Any CPU = Debug|Any CPU
		Release|Any CPU = Release|Any CPU
	EndGlobalSection
	GlobalSection(ProjectConfigurationPlatforms) = postSolution
		{EE919530-6E4A-48DC-8747-E0D4FCBBAC87}.Debug|Any CPU.ActiveCfg = Debug|Any CPU
		{EE919530-6E4A-48DC-8747-E0D4FCBBAC87}.Debug|Any CPU.Build.0 = Debug|Any CPU
		{EE919530-6E4A-48DC-8747-E0D4FCBBAC87}.Release|Any CPU.ActiveCfg = Release|Any CPU
		{EE919530-6E4A-48DC-8747-E0D4FCBBAC87}.Release|Any CPU.Build.0 = Release|Any CPU
		{51B67716-3EC4-4348-B2EA-1F176D95F672}.Debug|Any CPU.ActiveCfg = Debug|Any CPU
		{51B67716-3EC4-4348-B2EA-1F176D95F672}.Debug|Any CPU.Build.0 = Debug|Any CPU
		{51B67716-3EC4-4348-B2EA-1F176D95F672}.Release|Any CPU.ActiveCfg = Release|Any CPU
		{51B67716-3EC4-4348-B2EA-1F176D95F672}.Release|Any CPU.Build.0 = Release|Any CPU
	EndGlobalSection
	GlobalSection(SolutionProperties) = preSolution
		HideSolutionNode = FALSE
	EndGlobalSection
EndGlobal
